
Microsoft Visual Studio Solution File, Format Version 12.00
# Visual Studio Version 17
VisualStudioVersion = 17.2.32516.85
MinimumVisualStudioVersion = 10.0.40219.1
Project("{FAE04EC0-301F-11D3-BF4B-00C04F79EFBC}") = "BugTracker", "BugTracker\BugTracker.csproj", "{2C82EE0A-453C-49E5-BBD5-DC58980E2AAF}"
EndProject
Global
	GlobalSection(SolutionConfigurationPlatforms) = preSolution
		Debug|Any CPU = Debug|Any CPU
		Release|Any CPU = Release|Any CPU
	EndGlobalSection
	GlobalSection(ProjectConfigurationPlatforms) = postSolution
		{2C82EE0A-453C-49E5-BBD5-DC58980E2AAF}.Debug|Any CPU.ActiveCfg = Debug|Any CPU
		{2C82EE0A-453C-49E5-BBD5-DC58980E2AAF}.Debug|Any CPU.Build.0 = Debug|Any CPU
		{2C82EE0A-453C-49E5-BBD5-DC58980E2AAF}.Release|Any CPU.ActiveCfg = Release|Any CPU
		{2C82EE0A-453C-49E5-BBD5-DC58980E2AAF}.Release|Any CPU.Build.0 = Release|Any CPU
	EndGlobalSection
	GlobalSection(SolutionProperties) = preSolution
		HideSolutionNode = FALSE
	EndGlobalSection
	GlobalSection(ExtensibilityGlobals) = postSolution
		SolutionGuid = {A0FDEEBE-404F-4EA4-9153-75310352FAA4}
	EndGlobalSection
EndGlobal
